
Microsoft Visual Studio Solution File, Format Version 12.00
# Visual Studio Version 17
VisualStudioVersion = 17.7.34003.232
MinimumVisualStudioVersion = 10.0.40219.1
Project("{FAE04EC0-301F-11D3-BF4B-00C04F79EFBC}") = "Inlämning 4 del1", "Inlämning 4\Inlämning 4 del1.csproj", "{20C707A4-8FE5-4DF6-B1E2-237BB9486FC8}"
EndProject
Global
	GlobalSection(SolutionConfigurationPlatforms) = preSolution
		Debug|Any CPU = Debug|Any CPU
		Release|Any CPU = Release|Any CPU
	EndGlobalSection
	GlobalSection(ProjectConfigurationPlatforms) = postSolution
		{20C707A4-8FE5-4DF6-B1E2-237BB9486FC8}.Debug|Any CPU.ActiveCfg = Debug|Any CPU
		{20C707A4-8FE5-4DF6-B1E2-237BB9486FC8}.Debug|Any CPU.Build.0 = Debug|Any CPU
		{20C707A4-8FE5-4DF6-B1E2-237BB9486FC8}.Release|Any CPU.ActiveCfg = Release|Any CPU
		{20C707A4-8FE5-4DF6-B1E2-237BB9486FC8}.Release|Any CPU.Build.0 = Release|Any CPU
	EndGlobalSection
	GlobalSection(SolutionProperties) = preSolution
		HideSolutionNode = FALSE
	EndGlobalSection
	GlobalSection(ExtensibilityGlobals) = postSolution
		SolutionGuid = {3A58839B-F817-4ABF-8AAD-0B3624C4F0CF}
	EndGlobalSection
EndGlobal
